
Microsoft Visual Studio Solution File, Format Version 12.00
# Visual Studio Version 17
VisualStudioVersion = 17.5.33414.496
MinimumVisualStudioVersion = 10.0.40219.1
Project("{FAE04EC0-301F-11D3-BF4B-00C04F79EFBC}") = "NoteBook", "NoteBook.csproj", "{3229503A-A968-43C9-84AA-D4DA11F5BD76}"
EndProject
Project("{FAE04EC0-301F-11D3-BF4B-00C04F79EFBC}") = "Logic", "..\Logic\Logic.csproj", "{53D9E617-E79D-43D2-8E98-8823392DB2BB}"
EndProject
Project("{FAE04EC0-301F-11D3-BF4B-00C04F79EFBC}") = "TestLogic", "..\TestLogic\TestLogic.csproj", "{953A42C8-9FAA-4A5E-ACF5-4BE5363C8915}"
EndProject
Global
	GlobalSection(SolutionConfigurationPlatforms) = preSolution
		Debug|Any CPU = Debug|Any CPU
		Release|Any CPU = Release|Any CPU
	EndGlobalSection
	GlobalSection(ProjectConfigurationPlatforms) = postSolution
		{3229503A-A968-43C9-84AA-D4DA11F5BD76}.Debug|Any CPU.ActiveCfg = Debug|Any CPU
		{3229503A-A968-43C9-84AA-D4DA11F5BD76}.Debug|Any CPU.Build.0 = Debug|Any CPU
		{3229503A-A968-43C9-84AA-D4DA11F5BD76}.Release|Any CPU.ActiveCfg = Release|Any CPU
		{3229503A-A968-43C9-84AA-D4DA11F5BD76}.Release|Any CPU.Build.0 = Release|Any CPU
		{53D9E617-E79D-43D2-8E98-8823392DB2BB}.Debug|Any CPU.ActiveCfg = Debug|Any CPU
		{53D9E617-E79D-43D2-8E98-8823392DB2BB}.Debug|Any CPU.Build.0 = Debug|Any CPU
		{53D9E617-E79D-43D2-8E98-8823392DB2BB}.Release|Any CPU.ActiveCfg = Release|Any CPU
		{53D9E617-E79D-43D2-8E98-8823392DB2BB}.Release|Any CPU.Build.0 = Release|Any CPU
		{953A42C8-9FAA-4A5E-ACF5-4BE5363C8915}.Debug|Any CPU.ActiveCfg = Debug|Any CPU
		{953A42C8-9FAA-4A5E-ACF5-4BE5363C8915}.Debug|Any CPU.Build.0 = Debug|Any CPU
		{953A42C8-9FAA-4A5E-ACF5-4BE5363C8915}.Release|Any CPU.ActiveCfg = Release|Any CPU
		{953A42C8-9FAA-4A5E-ACF5-4BE5363C8915}.Release|Any CPU.Build.0 = Release|Any CPU
	EndGlobalSection
	GlobalSection(SolutionProperties) = preSolution
		HideSolutionNode = FALSE
	EndGlobalSection
	GlobalSection(ExtensibilityGlobals) = postSolution
		SolutionGuid = {A33EFBEA-3587-42E3-9CED-960A7CA1C504}
	EndGlobalSection
EndGlobal
